{
  "version": 4,
  "terraform_version": "1.4.2",
  "serial": 49,
  "lineage": "9e8a9218-d28d-fb52-7b63-cd34a878a0e5",
  "outputs": {
    "id-shantanu": {
      "value": "3f927c51af5a06252b0cc356f508b4adf1e7ad7c",
      "type": "string"
    }
  },
  "resources": [
    {
      "mode": "data",
      "type": "local_file",
      "name": "akshay",
      "provider": "provider[\"registry.terraform.io/hashicorp/local\"]",
      "instances": [
        {
          "schema_version": 0,
          "attributes": {
            "content": "hello all my name is akshay\n",
            "content_base64": "aGVsbG8gYWxsIG15IG5hbWUgaXMgYWtzaGF5Cg==",
            "content_base64sha256": "Yo5iFuhVjUwW2+14vM8IdQ5TVRCoUI5uzK1SyCYUpQY=",
            "content_base64sha512": "spQAh4MuwqHGiIDdNMxno7X1zJc3iXrNU4fo3wgb2E9CdW85GUETMA+sCrB0B0cwI6KOHFt6yGphu/Pxj4RmtA==",
            "content_md5": "dccf768f0cd306504c031cdb0974d699",
            "content_sha1": "3f927c51af5a06252b0cc356f508b4adf1e7ad7c",
            "content_sha256": "628e6216e8558d4c16dbed78bccf08750e535510a8508e6eccad52c82614a506",
            "content_sha512": "b2940087832ec2a1c68880dd34cc67a3b5f5cc9737897acd5387e8df081bd84f42756f39194113300fac0ab07407473023a28e1c5b7ac86a61bbf3f18f8466b4",
            "filename": "/mnt/akshay.html",
            "id": "3f927c51af5a06252b0cc356f508b4adf1e7ad7c"
          },
          "sensitive_attributes": []
        }
      ]
    },
    {
      "mode": "managed",
      "type": "local_file",
      "name": "shantanu",
      "provider": "provider[\"registry.terraform.io/hashicorp/local\"]",
      "instances": [
        {
          "schema_version": 0,
          "attributes": {
            "content": "hello all my name is akshay\n",
            "content_base64": null,
            "content_base64sha256": "Yo5iFuhVjUwW2+14vM8IdQ5TVRCoUI5uzK1SyCYUpQY=",
            "content_base64sha512": "spQAh4MuwqHGiIDdNMxno7X1zJc3iXrNU4fo3wgb2E9CdW85GUETMA+sCrB0B0cwI6KOHFt6yGphu/Pxj4RmtA==",
            "content_md5": "dccf768f0cd306504c031cdb0974d699",
            "content_sha1": "3f927c51af5a06252b0cc356f508b4adf1e7ad7c",
            "content_sha256": "628e6216e8558d4c16dbed78bccf08750e535510a8508e6eccad52c82614a506",
            "content_sha512": "b2940087832ec2a1c68880dd34cc67a3b5f5cc9737897acd5387e8df081bd84f42756f39194113300fac0ab07407473023a28e1c5b7ac86a61bbf3f18f8466b4",
            "directory_permission": "0777",
            "file_permission": "0777",
            "filename": "/mnt/shantanu.html",
            "id": "3f927c51af5a06252b0cc356f508b4adf1e7ad7c",
            "sensitive_content": null,
            "source": null
          },
          "sensitive_attributes": [],
          "dependencies": [
            "data.local_file.akshay"
          ]
        }
      ]
    }
  ],
  "check_results": null
}
